{
  "name": "daydream",
  "lockfileVersion": 3,
  "requires": true,
  "packages": {
    "": {
      "dependencies": {
        "lil-gui": "^0.21.0",
        "three": "^0.183.1"
      }
    },
    "node_modules/lil-gui": {
      "version": "0.21.0",
      "resolved": "https://registry.npmjs.org/lil-gui/-/lil-gui-0.21.0.tgz",
      "integrity": "sha512-tpvxN7v1GvE/Tv+GRopfOp0W7fVEjF4PltkuX8vOCIfim22rD1ztvfkoEMcv9lzQeuNUSeIrUmUjBwmlW/oUew==",
      "license": "MIT"
    },
    "node_modules/three": {
      "version": "0.183.1",
      "resolved": "https://registry.npmjs.org/three/-/three-0.183.1.tgz",
      "integrity": "sha512-Psv6bbd3d/M/01MT2zZ+VmD0Vj2dbWTNhfe4CuSg7w5TuW96M3NOyCVuh9SZQ05CpGmD7NEcJhZw4GVjhCYxfQ==",
      "license": "MIT"
    }
  }
}
